<?xml version="1.0" encoding="UTF-8"?>
<CONFIG>
  <ProjectOptions>
    <Version Value="9"/>
    <General>
      <Flags>
        <MainUnitHasCreateFormStatements Value="False"/>
        <MainUnitHasTitleStatement Value="False"/>
      </Flags>
      <SessionStorage Value="InProjectDir"/>
      <MainUnit Value="0"/>
      <Title Value="svg_test"/>
      <UseAppBundle Value="False"/>
      <ResourceType Value="res"/>
    </General>
    <i18n>
      <EnableI18N LFM="False"/>
    </i18n>
    <MacroValues Count="2">
      <Macro1 Name="tiopf" Value="/data/devel/tiopf/"/>
      <Macro2 Name="fpgui" Value="/data/devel/fpgui/"/>
    </MacroValues>
    <BuildModes Count="1">
      <Item1 Name="default" Default="True"/>
      <SharedMatrixOptions Count="2">
        <Item1 ID="158525129490" Modes="default" Type="IDEMacro" MacroName="tiopf" Value="/data/devel/tiopf/"/>
        <Item2 ID="147714877372" Modes="default" Type="IDEMacro" MacroName="fpgui" Value="/data/devel/fpgui/"/>
      </SharedMatrixOptions>
    </BuildModes>
    <PublishOptions>
      <Version Value="2"/>
    </PublishOptions>
    <RunParams>
      <local>
        <FormatVersion Value="1"/>
      </local>
    </RunParams>
    <Units Count="1">
      <Unit0>
        <Filename Value="svg_test.dpr"/>
        <IsPartOfProject Value="True"/>
      </Unit0>
    </Units>
  </ProjectOptions>
  <CompilerOptions>
    <Version Value="11"/>
    <SearchPaths>
      <IncludeFiles Value="..;$(ProjOutDir)"/>
      <OtherUnitFiles Value="..;.;../platform/linux;../ctrl;../util;../svg;../expat-wrap"/>
      <UnitOutputDirectory Value="units/$(TargetCPU)-$(TargetOS)"/>
    </SearchPaths>
    <Parsing>
      <SyntaxOptions>
        <AllowLabel Value="False"/>
      </SyntaxOptions>
    </Parsing>
  </CompilerOptions>
</CONFIG>
