<?xml version="1.0"?>
<CONFIG>
  <ProjectOptions>
    <Version Value="9"/>
    <General>
      <Flags>
        <SaveOnlyProjectUnits Value="True"/>
        <MainUnitHasCreateFormStatements Value="False"/>
        <MainUnitHasTitleStatement Value="False"/>
      </Flags>
      <SessionStorage Value="InProjectDir"/>
      <MainUnit Value="0"/>
      <Title Value="maximus"/>
      <UseAppBundle Value="False"/>
      <ResourceType Value="res"/>
    </General>
    <VersionInfo>
      <Language Value=""/>
      <CharSet Value=""/>
    </VersionInfo>
    <BuildModes Count="1">
      <Item1 Name="default" Default="True"/>
    </BuildModes>
    <PublishOptions>
      <Version Value="2"/>
      <IgnoreBinaries Value="False"/>
      <IncludeFileFilter Value="*.(pas|pp|inc|lfm|lpr|lrs|lpi|lpk|sh|xml)"/>
      <ExcludeFileFilter Value="*.(bak|ppu|ppw|o|so);*~;backup"/>
    </PublishOptions>
    <RunParams>
      <local>
        <FormatVersion Value="1"/>
        <LaunchingApplication PathPlusParams="/usr/X11R6/bin/xterm -T 'Lazarus Run Output' -e $(LazarusDir)/tools/runwait.sh $(TargetCmdLine)"/>
      </local>
    </RunParams>
    <RequiredPackages Count="1">
      <Item1>
        <PackageName Value="fpgui_toolkit"/>
      </Item1>
    </RequiredPackages>
    <Units Count="20">
      <Unit0>
        <Filename Value="maximus.lpr"/>
        <IsPartOfProject Value="True"/>
        <UnitName Value="maximus"/>
      </Unit0>
      <Unit1>
        <Filename Value="frm_main.pas"/>
        <IsPartOfProject Value="True"/>
        <UnitName Value="frm_main"/>
      </Unit1>
      <Unit2>
        <Filename Value="frm_configureide.pas"/>
        <IsPartOfProject Value="True"/>
        <UnitName Value="frm_configureide"/>
      </Unit2>
      <Unit3>
        <Filename Value="ideconst.pas"/>
        <IsPartOfProject Value="True"/>
        <UnitName Value="ideconst"/>
      </Unit3>
      <Unit4>
        <Filename Value="idemacros.pas"/>
        <IsPartOfProject Value="True"/>
        <UnitName Value="idemacros"/>
      </Unit4>
      <Unit5>
        <Filename Value="frm_debug.pas"/>
        <IsPartOfProject Value="True"/>
        <UnitName Value="frm_debug"/>
      </Unit5>
      <Unit6>
        <Filename Value="project.pas"/>
        <IsPartOfProject Value="True"/>
        <UnitName Value="Project"/>
      </Unit6>
      <Unit7>
        <Filename Value="unitlist.pas"/>
        <IsPartOfProject Value="True"/>
        <UnitName Value="UnitList"/>
      </Unit7>
      <Unit8>
        <Filename Value="frm_projectoptions.pas"/>
        <IsPartOfProject Value="True"/>
        <UnitName Value="frm_projectoptions"/>
      </Unit8>
      <Unit9>
        <Filename Value="ideutils.pas"/>
        <IsPartOfProject Value="True"/>
        <UnitName Value="ideutils"/>
      </Unit9>
      <Unit10>
        <Filename Value="builderthread.pas"/>
        <IsPartOfProject Value="True"/>
        <UnitName Value="BuilderThread"/>
      </Unit10>
      <Unit11>
        <Filename Value="ideimages.pas"/>
        <IsPartOfProject Value="True"/>
        <UnitName Value="ideimages"/>
      </Unit11>
      <Unit12>
        <Filename Value="stringhelpers.pas"/>
        <IsPartOfProject Value="True"/>
        <UnitName Value="stringhelpers"/>
      </Unit12>
      <Unit13>
        <Filename Value="frm_procedurelist.pas"/>
        <IsPartOfProject Value="True"/>
        <UnitName Value="frm_procedurelist"/>
      </Unit13>
      <Unit14>
        <Filename Value="mpaslex.pas"/>
        <IsPartOfProject Value="True"/>
        <UnitName Value="mPasLex"/>
      </Unit14>
      <Unit15>
        <Filename Value="filemonitor.pas"/>
        <IsPartOfProject Value="True"/>
        <UnitName Value="filemonitor"/>
      </Unit15>
      <Unit16>
        <Filename Value="synregexpr.pas"/>
        <IsPartOfProject Value="True"/>
        <UnitName Value="SynRegExpr"/>
      </Unit16>
      <Unit17>
        <Filename Value="fpg_textedit.pas"/>
        <IsPartOfProject Value="True"/>
        <UnitName Value="fpg_textedit"/>
      </Unit17>
      <Unit18>
        <Filename Value="frm_find.pas"/>
        <IsPartOfProject Value="True"/>
        <UnitName Value="frm_find"/>
      </Unit18>
      <Unit19>
        <Filename Value="sha1.pas"/>
        <IsPartOfProject Value="True"/>
        <UnitName Value="Sha1"/>
      </Unit19>
    </Units>
  </ProjectOptions>
  <CompilerOptions>
    <Version Value="11"/>
    <Target>
      <Filename Value="maximus"/>
    </Target>
    <SearchPaths>
      <IncludeFiles Value="$(ProjOutDir)"/>
      <UnitOutputDirectory Value="units/$(TargetCPU)-$(TargetOS)"/>
    </SearchPaths>
    <Parsing>
      <SyntaxOptions>
        <AllowLabel Value="False"/>
        <CPPInline Value="False"/>
      </SyntaxOptions>
    </Parsing>
    <CodeGeneration>
      <Optimizations>
        <OptimizationLevel Value="0"/>
      </Optimizations>
    </CodeGeneration>
    <Other>
      <CompilerMessages>
        <UseMsgFile Value="True"/>
      </CompilerMessages>
      <CustomOptions Value="-dDEBUGSVRx"/>
      <CompilerPath Value="$(CompPath)"/>
    </Other>
  </CompilerOptions>
</CONFIG>
