<?xml version="1.0"?>
<CONFIG>
  <ProjectOptions>
    <PathDelim Value="/"/>
    <Version Value="6"/>
    <General>
      <Flags>
        <SaveOnlyProjectUnits Value="True"/>
      </Flags>
      <SessionStorage Value="InProjectDir"/>
      <MainUnit Value="0"/>
      <IconPath Value="./"/>
      <TargetFileExt Value=""/>
    </General>
    <VersionInfo>
      <ProjectVersion Value=""/>
    </VersionInfo>
    <PublishOptions>
      <Version Value="2"/>
      <IgnoreBinaries Value="False"/>
      <IncludeFileFilter Value="*.(pas|pp|inc|lfm|lpr|lrs|lpi|lpk|sh|xml)"/>
      <ExcludeFileFilter Value="*.(bak|ppu|ppw|o|so);*~;backup"/>
    </PublishOptions>
    <RunParams>
      <local>
        <FormatVersion Value="1"/>
        <LaunchingApplication PathPlusParams="/usr/X11R6/bin/xterm -T 'Lazarus Run Output' -e $(LazarusDir)/tools/runwait.sh $(TargetCmdLine)"/>
      </local>
    </RunParams>
    <RequiredPackages Count="1">
      <Item1>
        <PackageName Value="tiOPFfpGUI"/>
      </Item1>
    </RequiredPackages>
    <Units Count="6">
      <Unit0>
        <Filename Value="stringgridmediatordemo.lpr"/>
        <IsPartOfProject Value="True"/>
        <UnitName Value="stringgridmediatordemo"/>
      </Unit0>
      <Unit1>
        <Filename Value="frm_main.pas"/>
        <IsPartOfProject Value="True"/>
        <UnitName Value="frm_main"/>
      </Unit1>
      <Unit2>
        <Filename Value="../Common/Model.pas"/>
        <IsPartOfProject Value="True"/>
        <UnitName Value="Model"/>
      </Unit2>
      <Unit3>
        <Filename Value="../Common/Constants.pas"/>
        <IsPartOfProject Value="True"/>
        <UnitName Value="Constants"/>
      </Unit3>
      <Unit4>
        <Filename Value="../Common/Model_View.pas"/>
        <IsPartOfProject Value="True"/>
        <UnitName Value="Model_View"/>
      </Unit4>
      <Unit5>
        <Filename Value="frm_personmaint.pas"/>
        <IsPartOfProject Value="True"/>
        <UnitName Value="frm_personmaint"/>
      </Unit5>
    </Units>
  </ProjectOptions>
  <CompilerOptions>
    <Version Value="5"/>
    <SearchPaths>
      <OtherUnitFiles Value="../Common/"/>
    </SearchPaths>
    <CodeGeneration>
      <Generate Value="Faster"/>
    </CodeGeneration>
    <Linking>
      <Debugging>
        <GenerateDebugInfo Value="True"/>
      </Debugging>
    </Linking>
    <Other>
      <CustomOptions Value="-FUunits
"/>
      <CompilerPath Value="$(CompPath)"/>
    </Other>
  </CompilerOptions>
</CONFIG>
