<?xml version="1.0"?>
<CONFIG>
  <ProjectOptions>
    <Version Value="9"/>
    <General>
      <Flags>
        <SaveOnlyProjectUnits Value="True"/>
        <LRSInOutputDirectory Value="False"/>
      </Flags>
      <SessionStorage Value="InProjectDir"/>
      <MainUnit Value="0"/>
    </General>
    <VersionInfo>
      <StringTable ProductVersion=""/>
    </VersionInfo>
    <BuildModes Count="1">
      <Item1 Name="default" Default="True"/>
    </BuildModes>
    <PublishOptions>
      <Version Value="2"/>
      <IncludeFileFilter Value="*.(pas|pp|inc|lfm|lpr|lrs|lpi|lpk|sh|xml)"/>
      <ExcludeFileFilter Value="*.(bak|ppu|ppw|o|so);*~;backup"/>
    </PublishOptions>
    <RunParams>
      <local>
        <FormatVersion Value="1"/>
        <LaunchingApplication PathPlusParams="/usr/X11R6/bin/xterm -T 'Lazarus Run Output' -e $(LazarusDir)/tools/runwait.sh $(TargetCmdLine)"/>
      </local>
    </RunParams>
    <RequiredPackages Count="1">
      <Item1>
        <PackageName Value="fpgui_toolkit"/>
      </Item1>
    </RequiredPackages>
    <Units Count="7">
      <Unit0>
        <Filename Value="docedit.lpr"/>
        <IsPartOfProject Value="True"/>
        <UnitName Value="docedit"/>
      </Unit0>
      <Unit1>
        <Filename Value="frm_main.pas"/>
        <IsPartOfProject Value="True"/>
        <UnitName Value="frm_main"/>
      </Unit1>
      <Unit2>
        <Filename Value="frm_options.pas"/>
        <IsPartOfProject Value="True"/>
        <UnitName Value="frm_options"/>
      </Unit2>
      <Unit3>
        <Filename Value="model.pas"/>
        <IsPartOfProject Value="True"/>
        <UnitName Value="model"/>
      </Unit3>
      <Unit4>
        <Filename Value="fpdeutil.pas"/>
        <IsPartOfProject Value="True"/>
        <UnitName Value="FPDEUtil"/>
      </Unit4>
      <Unit5>
        <Filename Value="doceditmsg.pas"/>
        <IsPartOfProject Value="True"/>
        <UnitName Value="doceditmsg"/>
      </Unit5>
      <Unit6>
        <Filename Value="doceditopts.pas"/>
        <IsPartOfProject Value="True"/>
        <UnitName Value="doceditopts"/>
      </Unit6>
    </Units>
  </ProjectOptions>
  <CompilerOptions>
    <Version Value="11"/>
    <Target>
      <Filename Value="docedit"/>
    </Target>
    <SearchPaths>
      <UnitOutputDirectory Value="units"/>
    </SearchPaths>
    <Parsing>
      <SyntaxOptions>
        <UseAnsiStrings Value="False"/>
      </SyntaxOptions>
    </Parsing>
    <Other>
      <CompilerPath Value="$(CompPath)"/>
    </Other>
  </CompilerOptions>
</CONFIG>
