<?xml version="1.0"?>
<CONFIG>
  <ProjectOptions>
    <PathDelim Value="/"/>
    <Version Value="6"/>
    <General>
      <Flags>
        <SaveOnlyProjectUnits Value="True"/>
      </Flags>
      <SessionStorage Value="InProjectDir"/>
      <MainUnit Value="0"/>
      <IconPath Value="./"/>
      <TargetFileExt Value=""/>
    </General>
    <VersionInfo>
      <ProjectVersion Value=""/>
    </VersionInfo>
    <PublishOptions>
      <Version Value="2"/>
      <IgnoreBinaries Value="False"/>
      <IncludeFileFilter Value="*.(pas|pp|inc|lfm|lpr|lrs|lpi|lpk|sh|xml)"/>
      <ExcludeFileFilter Value="*.(bak|ppu|ppw|o|so);*~;backup"/>
    </PublishOptions>
    <RunParams>
      <local>
        <FormatVersion Value="1"/>
        <LaunchingApplication PathPlusParams="/usr/X11R6/bin/xterm -T 'Lazarus Run Output' -e $(LazarusDir)/tools/runwait.sh $(TargetCmdLine)"/>
      </local>
    </RunParams>
    <RequiredPackages Count="1">
      <Item1>
        <PackageName Value="tiOPFfpGUI"/>
      </Item1>
    </RequiredPackages>
    <Units Count="7">
      <Unit0>
        <Filename Value="demo_adrsbook_mgm.lpr"/>
        <IsPartOfProject Value="True"/>
        <UnitName Value="demo_adrsbook_mgm"/>
      </Unit0>
      <Unit1>
        <Filename Value="contactmanager.pas"/>
        <IsPartOfProject Value="True"/>
        <UnitName Value="contactmanager"/>
      </Unit1>
      <Unit2>
        <Filename Value="model.pas"/>
        <IsPartOfProject Value="True"/>
        <UnitName Value="model"/>
      </Unit2>
      <Unit3>
        <Filename Value="frmmain.pas"/>
        <IsPartOfProject Value="True"/>
        <UnitName Value="frmmain"/>
      </Unit3>
      <Unit4>
        <Filename Value="frmcontactmaint.pas"/>
        <IsPartOfProject Value="True"/>
        <UnitName Value="frmContactMaint"/>
      </Unit4>
      <Unit5>
        <Filename Value="frmcitylist.pas"/>
        <IsPartOfProject Value="True"/>
        <UnitName Value="frmCityList"/>
      </Unit5>
      <Unit6>
        <Filename Value="frmcitymaint.pas"/>
        <IsPartOfProject Value="True"/>
        <UnitName Value="frmCityMaint"/>
      </Unit6>
    </Units>
  </ProjectOptions>
  <CompilerOptions>
    <Version Value="8"/>
    <Parsing>
      <SyntaxOptions>
        <CStyleOperator Value="False"/>
        <AllowLabel Value="False"/>
        <CPPInline Value="False"/>
      </SyntaxOptions>
    </Parsing>
    <Other>
      <CustomOptions Value="-FUunits
"/>
      <CompilerPath Value="$(CompPath)"/>
    </Other>
  </CompilerOptions>
</CONFIG>
