<?xml version="1.0"?>
<CONFIG>
  <ProjectOptions>
    <PathDelim Value="\"/>
    <Version Value="5"/>
    <General>
      <MainUnit Value="0"/>
      <IconPath Value=".\"/>
      <TargetFileExt Value=".exe"/>
      <ActiveEditorIndexAtStart Value="5"/>
    </General>
    <VersionInfo>
      <ProjectVersion Value=""/>
      <Language Value=""/>
      <CharSet Value=""/>
    </VersionInfo>
    <PublishOptions>
      <Version Value="2"/>
      <DestinationDirectory Value="$(TestDir)\publishedproject\"/>
      <IgnoreBinaries Value="False"/>
      <IncludeFileFilter Value="*.(pas|pp|inc|lfm|lpr|lrs|lpi|lpk|sh|xml)"/>
      <ExcludeFileFilter Value="*.(bak|ppu|ppw|o|so);*~;backup"/>
    </PublishOptions>
    <RunParams>
      <local>
        <FormatVersion Value="1"/>
        <LaunchingApplication PathPlusParams="\usr\X11R6\bin\xterm -T 'Lazarus Run Output' -e $(LazarusDir)\tools\runwait.sh $(TargetCmdLine)"/>
      </local>
    </RunParams>
    <RequiredPackages Count="2">
      <Item1>
        <PackageName Value="fpguipackage"/>
      </Item1>
      <Item2>
        <PackageName Value="fpGFXPackage"/>
      </Item2>
    </RequiredPackages>
    <Units Count="8">
      <Unit0>
        <Filename Value="helloworld.lpr"/>
        <IsPartOfProject Value="True"/>
        <UnitName Value="helloworld"/>
        <CursorPos X="3" Y="43"/>
        <TopLine Value="33"/>
        <EditorIndex Value="0"/>
        <UsageCount Value="21"/>
        <Loaded Value="True"/>
      </Unit0>
      <Unit1>
        <Filename Value="..\fpgui.pas"/>
        <UnitName Value="fpgui"/>
        <CursorPos X="31" Y="8"/>
        <TopLine Value="1"/>
        <EditorIndex Value="1"/>
        <UsageCount Value="20"/>
        <Loaded Value="True"/>
      </Unit1>
      <Unit2>
        <Filename Value="..\..\fpgui2\source\gui\gui_form.pas"/>
        <UnitName Value="gui_form"/>
        <CursorPos X="5" Y="2"/>
        <TopLine Value="1"/>
        <UsageCount Value="10"/>
      </Unit2>
      <Unit3>
        <Filename Value="..\gui_widget.inc"/>
        <IsPartOfProject Value="True"/>
        <CursorPos X="51" Y="20"/>
        <TopLine Value="12"/>
        <EditorIndex Value="4"/>
        <UsageCount Value="21"/>
        <Loaded Value="True"/>
      </Unit3>
      <Unit4>
        <Filename Value="..\gui_button.inc"/>
        <IsPartOfProject Value="True"/>
        <CursorPos X="9" Y="49"/>
        <TopLine Value="34"/>
        <EditorIndex Value="5"/>
        <UsageCount Value="21"/>
        <Loaded Value="True"/>
      </Unit4>
      <Unit5>
        <Filename Value="..\..\..\gfx\gfxbase.pas"/>
        <UnitName Value="GfxBase"/>
        <CursorPos X="1" Y="510"/>
        <TopLine Value="499"/>
        <EditorIndex Value="2"/>
        <UsageCount Value="10"/>
        <Loaded Value="True"/>
      </Unit5>
      <Unit6>
        <Filename Value="..\..\..\..\..\lazarus215\fpc\2.1.5\source\rtl\objpas\classes\classesh.inc"/>
        <CursorPos X="4" Y="25"/>
        <TopLine Value="13"/>
        <UsageCount Value="10"/>
      </Unit6>
      <Unit7>
        <Filename Value="..\..\..\gfx\gdi\gfx_gdi.pas"/>
        <UnitName Value="GFX_GDI"/>
        <CursorPos X="1" Y="1645"/>
        <TopLine Value="1672"/>
        <EditorIndex Value="3"/>
        <UsageCount Value="10"/>
        <Loaded Value="True"/>
      </Unit7>
    </Units>
    <JumpHistory Count="1" HistoryIndex="0">
      <Position1>
        <Filename Value="..\gui_button.inc"/>
        <Caret Line="51" Column="32" TopLine="32"/>
      </Position1>
    </JumpHistory>
  </ProjectOptions>
  <CompilerOptions>
    <Version Value="5"/>
    <PathDelim Value="\"/>
    <CodeGeneration>
      <Generate Value="Faster"/>
    </CodeGeneration>
    <Other>
      <CompilerPath Value="$(CompPath)"/>
    </Other>
  </CompilerOptions>
</CONFIG>
