<?xml version="1.0"?>
<CONFIG>
  <ProjectOptions>
    <PathDelim Value="/"/>
    <Version Value="5"/>
    <General>
      <Flags>
        <SaveOnlyProjectUnits Value="True"/>
      </Flags>
      <SessionStorage Value="InProjectDir"/>
      <MainUnit Value="0"/>
      <IconPath Value="./"/>
      <TargetFileExt Value=""/>
    </General>
    <PublishOptions>
      <Version Value="2"/>
      <IncludeFileFilter Value="*.(pas|pp|inc|lfm|lpr|lrs|lpi|lpk|sh|xml)"/>
      <ExcludeFileFilter Value="*.(bak|ppu|ppw|o|so);*~;backup"/>
    </PublishOptions>
    <RunParams>
      <local>
        <FormatVersion Value="1"/>
        <LaunchingApplication PathPlusParams="/usr/X11R6/bin/xterm -T 'Lazarus Run Output' -e $(LazarusDir)/tools/runwait.sh $(TargetCmdLine)"/>
      </local>
    </RunParams>
    <RequiredPackages Count="1">
      <Item1>
        <PackageName Value="fpGUI_laz"/>
      </Item1>
    </RequiredPackages>
    <Units Count="4">
      <Unit0>
        <Filename Value="WidgetDemo.lpr"/>
        <IsPartOfProject Value="True"/>
        <UnitName Value="WidgetDemo"/>
      </Unit0>
      <Unit1>
        <Filename Value="OpenSoftStyle.pas"/>
        <IsPartOfProject Value="True"/>
        <UnitName Value="OpenSoftStyle"/>
      </Unit1>
      <Unit2>
        <Filename Value="../../src/fpgui.pp"/>
        <IsPartOfProject Value="True"/>
        <UnitName Value="fpGUI"/>
      </Unit2>
      <Unit3>
        <Filename Value="../../../fpGFX/src/gfxbase.pp"/>
        <IsPartOfProject Value="True"/>
        <UnitName Value="GfxBase"/>
      </Unit3>
    </Units>
  </ProjectOptions>
  <CompilerOptions>
    <Version Value="5"/>
    <Parsing>
      <SyntaxOptions>
        <IncludeAssertionCode Value="True"/>
        <AllowLabel Value="False"/>
      </SyntaxOptions>
    </Parsing>
    <CodeGeneration>
      <Generate Value="Faster"/>
    </CodeGeneration>
    <Other>
      <CustomOptions Value="-FUunits
"/>
      <CompilerPath Value="$(CompPath)"/>
    </Other>
  </CompilerOptions>
</CONFIG>
